// !$*UTF8*$!
{
	archiveVersion = 1;
	classes = {
	};
	objectVersion = 46;
	objects = {

/* Begin PBXBuildFile section */
		090578081BAE00E800FA8E42 /* undoable.hpp in Headers */ = {isa = PBXBuildFile; fileRef = 090578071BAE00E800FA8E42 /* undoable.hpp */; };
		0905780A1BAE12BA00FA8E42 /* execution.h in Headers */ = {isa = PBXBuildFile; fileRef = 090578091BAE12BA00FA8E42 /* execution.h */; };
		0927A8191B3F2DCF00872BC9 /* command.hpp in Headers */ = {isa = PBXBuildFile; fileRef = 0927A8181B3F2DCF00872BC9 /* command.hpp */; };
		0927A81C1B3F987B00872BC9 /* referentiable.cmd.simpleset.h in Headers */ = {isa = PBXBuildFile; fileRef = 0927A81A1B3F987B00872BC9 /* referentiable.cmd.simpleset.h */; };
		0927A81D1B3F987B00872BC9 /* referentiable.cmd.simpleset.hpp in Headers */ = {isa = PBXBuildFile; fileRef = 0927A81B1B3F987B00872BC9 /* referentiable.cmd.simpleset.hpp */; };
		0930C5811CC8688F00AB958B /* managed.reflist.hpp in Headers */ = {isa = PBXBuildFile; fileRef = 0930C57F1CC8688F00AB958B /* managed.reflist.hpp */; };
		0930C5821CC8688F00AB958B /* managed.reflist.hxx in Headers */ = {isa = PBXBuildFile; fileRef = 0930C5801CC8688F00AB958B /* managed.reflist.hxx */; };
		0931815D1DA389F500DF8B3B /* ref_unique_ptr.h in Headers */ = {isa = PBXBuildFile; fileRef = 0931815C1DA389F500DF8B3B /* ref_unique_ptr.h */; };
		095F43E61C3A2010005BE7DA /* referentiables.h in Headers */ = {isa = PBXBuildFile; fileRef = 095F43E51C3A2010005BE7DA /* referentiables.h */; };
		09681A0F1B1AAAED00678885 /* referentiable.root.h in Headers */ = {isa = PBXBuildFile; fileRef = 09681A0E1B1AAAED00678885 /* referentiable.root.h */; };
		0973B4CF1B256101007EFBDD /* referentiable.cmd.list.hpp in Headers */ = {isa = PBXBuildFile; fileRef = 0973B4CD1B256100007EFBDD /* referentiable.cmd.list.hpp */; };
		0973B4D01B256101007EFBDD /* referentiable.cmd.list.h in Headers */ = {isa = PBXBuildFile; fileRef = 0973B4CE1B256101007EFBDD /* referentiable.cmd.list.h */; };
		097662AF1AD357F70099DA54 /* asyncnotifier.h in Headers */ = {isa = PBXBuildFile; fileRef = 097662901AD357F70099DA54 /* asyncnotifier.h */; };
		097662B01AD357F70099DA54 /* command.h in Headers */ = {isa = PBXBuildFile; fileRef = 097662911AD357F70099DA54 /* command.h */; };
		097662B11AD357F70099DA54 /* history.manager.h in Headers */ = {isa = PBXBuildFile; fileRef = 097662921AD357F70099DA54 /* history.manager.h */; };
		097662B21AD357F70099DA54 /* model.allincludes.h in Headers */ = {isa = PBXBuildFile; fileRef = 097662931AD357F70099DA54 /* model.allincludes.h */; };
		097662B31AD357F70099DA54 /* observable.h in Headers */ = {isa = PBXBuildFile; fileRef = 097662941AD357F70099DA54 /* observable.h */; };
		097662B41AD357F70099DA54 /* persistable.h in Headers */ = {isa = PBXBuildFile; fileRef = 097662951AD357F70099DA54 /* persistable.h */; };
		097662B61AD357F70099DA54 /* referentiable.cmd.set.h in Headers */ = {isa = PBXBuildFile; fileRef = 097662971AD357F70099DA54 /* referentiable.cmd.set.h */; };
		097662B71AD357F70099DA54 /* referentiable.cmd.set.hpp in Headers */ = {isa = PBXBuildFile; fileRef = 097662981AD357F70099DA54 /* referentiable.cmd.set.hpp */; };
		097662B81AD357F70099DA54 /* referentiable.h in Headers */ = {isa = PBXBuildFile; fileRef = 097662991AD357F70099DA54 /* referentiable.h */; };
		097662B91AD357F70099DA54 /* referentiable.manager.h in Headers */ = {isa = PBXBuildFile; fileRef = 0976629A1AD357F70099DA54 /* referentiable.manager.h */; };
		097662BA1AD357F70099DA54 /* referentiable.manager.hpp in Headers */ = {isa = PBXBuildFile; fileRef = 0976629B1AD357F70099DA54 /* referentiable.manager.hpp */; };
		097662BC1AD357F70099DA54 /* undoable.h in Headers */ = {isa = PBXBuildFile; fileRef = 0976629D1AD357F70099DA54 /* undoable.h */; };
		097662BD1AD357F70099DA54 /* updatable.h in Headers */ = {isa = PBXBuildFile; fileRef = 0976629E1AD357F70099DA54 /* updatable.h */; };
		097662BE1AD357F70099DA54 /* visitable.h in Headers */ = {isa = PBXBuildFile; fileRef = 0976629F1AD357F70099DA54 /* visitable.h */; };
		097662BF1AD357F70099DA54 /* visitor.h in Headers */ = {isa = PBXBuildFile; fileRef = 097662A01AD357F70099DA54 /* visitor.h */; };
		097835641D57B0B900E47ED3 /* unity.build.cpp in Sources */ = {isa = PBXBuildFile; fileRef = 097835631D57B0B900E47ED3 /* unity.build.cpp */; };
		097835651D57B0B900E47ED3 /* unity.build.cpp in Sources */ = {isa = PBXBuildFile; fileRef = 097835631D57B0B900E47ED3 /* unity.build.cpp */; };
		09B330B71BF56DCE00DE437C /* raii.hpp in Headers */ = {isa = PBXBuildFile; fileRef = 09B330B61BF56DCE00DE437C /* raii.hpp */; };
/* End PBXBuildFile section */

/* Begin PBXCopyFilesBuildPhase section */
		09429C941AD38207001513DA /* CopyFiles */ = {
			isa = PBXCopyFilesBuildPhase;
			buildActionMask = 2147483647;
			dstPath = "include/$(PRODUCT_NAME)";
			dstSubfolderSpec = 16;
			files = (
			);
			runOnlyForDeploymentPostprocessing = 0;
		};
/* End PBXCopyFilesBuildPhase section */

/* Begin PBXFileReference section */
		090578071BAE00E800FA8E42 /* undoable.hpp */ = {isa = PBXFileReference; fileEncoding = 4; lastKnownFileType = sourcecode.cpp.h; path = undoable.hpp; sourceTree = "<group>"; };
		090578091BAE12BA00FA8E42 /* execution.h */ = {isa = PBXFileReference; fileEncoding = 4; lastKnownFileType = sourcecode.c.h; path = execution.h; sourceTree = "<group>"; };
		0927A8181B3F2DCF00872BC9 /* command.hpp */ = {isa = PBXFileReference; fileEncoding = 4; lastKnownFileType = sourcecode.cpp.h; lineEnding = 0; path = command.hpp; sourceTree = "<group>"; xcLanguageSpecificationIdentifier = xcode.lang.cpp; };
		0927A81A1B3F987B00872BC9 /* referentiable.cmd.simpleset.h */ = {isa = PBXFileReference; fileEncoding = 4; lastKnownFileType = sourcecode.c.h; path = referentiable.cmd.simpleset.h; sourceTree = "<group>"; };
		0927A81B1B3F987B00872BC9 /* referentiable.cmd.simpleset.hpp */ = {isa = PBXFileReference; fileEncoding = 4; lastKnownFileType = sourcecode.cpp.h; path = referentiable.cmd.simpleset.hpp; sourceTree = "<group>"; };
		0930C57F1CC8688F00AB958B /* managed.reflist.hpp */ = {isa = PBXFileReference; fileEncoding = 4; lastKnownFileType = sourcecode.cpp.h; path = managed.reflist.hpp; sourceTree = "<group>"; };
		0930C5801CC8688F00AB958B /* managed.reflist.hxx */ = {isa = PBXFileReference; fileEncoding = 4; lastKnownFileType = sourcecode.cpp.h; lineEnding = 0; path = managed.reflist.hxx; sourceTree = "<group>"; xcLanguageSpecificationIdentifier = xcode.lang.cpp; };
		0931815C1DA389F500DF8B3B /* ref_unique_ptr.h */ = {isa = PBXFileReference; fileEncoding = 4; lastKnownFileType = sourcecode.c.h; path = ref_unique_ptr.h; sourceTree = "<group>"; };
		09429C961AD38207001513DA /* libmodel.ios.a */ = {isa = PBXFileReference; explicitFileType = archive.ar; includeInIndex = 0; path = libmodel.ios.a; sourceTree = BUILT_PRODUCTS_DIR; };
		095F43E51C3A2010005BE7DA /* referentiables.h */ = {isa = PBXFileReference; fileEncoding = 4; lastKnownFileType = sourcecode.c.h; path = referentiables.h; sourceTree = "<group>"; };
		095F43E71C3A20F9005BE7DA /* referentiables.cpp */ = {isa = PBXFileReference; fileEncoding = 4; lastKnownFileType = sourcecode.cpp.cpp; path = referentiables.cpp; sourceTree = "<group>"; };
		09681A0B1B1AAACE00678885 /* referentiable.root.cpp */ = {isa = PBXFileReference; fileEncoding = 4; lastKnownFileType = sourcecode.cpp.cpp; path = referentiable.root.cpp; sourceTree = "<group>"; };
		09681A0E1B1AAAED00678885 /* referentiable.root.h */ = {isa = PBXFileReference; fileEncoding = 4; lastKnownFileType = sourcecode.c.h; path = referentiable.root.h; sourceTree = "<group>"; };
		0973B4CD1B256100007EFBDD /* referentiable.cmd.list.hpp */ = {isa = PBXFileReference; fileEncoding = 4; lastKnownFileType = sourcecode.cpp.h; path = referentiable.cmd.list.hpp; sourceTree = "<group>"; };
		0973B4CE1B256101007EFBDD /* referentiable.cmd.list.h */ = {isa = PBXFileReference; fileEncoding = 4; lastKnownFileType = sourcecode.c.h; path = referentiable.cmd.list.h; sourceTree = "<group>"; };
		097662751AD355F20099DA54 /* libmodel.osx.a */ = {isa = PBXFileReference; explicitFileType = archive.ar; includeInIndex = 0; path = libmodel.osx.a; sourceTree = BUILT_PRODUCTS_DIR; };
		097662901AD357F70099DA54 /* asyncnotifier.h */ = {isa = PBXFileReference; fileEncoding = 4; lastKnownFileType = sourcecode.c.h; lineEnding = 0; path = asyncnotifier.h; sourceTree = "<group>"; xcLanguageSpecificationIdentifier = xcode.lang.objcpp; };
		097662911AD357F70099DA54 /* command.h */ = {isa = PBXFileReference; fileEncoding = 4; lastKnownFileType = sourcecode.c.h; lineEnding = 0; path = command.h; sourceTree = "<group>"; xcLanguageSpecificationIdentifier = xcode.lang.objcpp; };
		097662921AD357F70099DA54 /* history.manager.h */ = {isa = PBXFileReference; fileEncoding = 4; lastKnownFileType = sourcecode.c.h; path = history.manager.h; sourceTree = "<group>"; };
		097662931AD357F70099DA54 /* model.allincludes.h */ = {isa = PBXFileReference; fileEncoding = 4; lastKnownFileType = sourcecode.c.h; path = model.allincludes.h; sourceTree = "<group>"; };
		097662941AD357F70099DA54 /* observable.h */ = {isa = PBXFileReference; fileEncoding = 4; lastKnownFileType = sourcecode.c.h; path = observable.h; sourceTree = "<group>"; };
		097662951AD357F70099DA54 /* persistable.h */ = {isa = PBXFileReference; fileEncoding = 4; lastKnownFileType = sourcecode.c.h; lineEnding = 0; path = persistable.h; sourceTree = "<group>"; xcLanguageSpecificationIdentifier = xcode.lang.objcpp; };
		097662971AD357F70099DA54 /* referentiable.cmd.set.h */ = {isa = PBXFileReference; fileEncoding = 4; lastKnownFileType = sourcecode.c.h; path = referentiable.cmd.set.h; sourceTree = "<group>"; };
		097662981AD357F70099DA54 /* referentiable.cmd.set.hpp */ = {isa = PBXFileReference; fileEncoding = 4; lastKnownFileType = sourcecode.cpp.h; path = referentiable.cmd.set.hpp; sourceTree = "<group>"; };
		097662991AD357F70099DA54 /* referentiable.h */ = {isa = PBXFileReference; fileEncoding = 4; lastKnownFileType = sourcecode.c.h; lineEnding = 0; path = referentiable.h; sourceTree = "<group>"; xcLanguageSpecificationIdentifier = xcode.lang.objcpp; };
		0976629A1AD357F70099DA54 /* referentiable.manager.h */ = {isa = PBXFileReference; fileEncoding = 4; lastKnownFileType = sourcecode.c.h; path = referentiable.manager.h; sourceTree = "<group>"; };
		0976629B1AD357F70099DA54 /* referentiable.manager.hpp */ = {isa = PBXFileReference; fileEncoding = 4; lastKnownFileType = sourcecode.cpp.h; lineEnding = 0; path = referentiable.manager.hpp; sourceTree = "<group>"; xcLanguageSpecificationIdentifier = xcode.lang.cpp; };
		0976629D1AD357F70099DA54 /* undoable.h */ = {isa = PBXFileReference; fileEncoding = 4; lastKnownFileType = sourcecode.c.h; path = undoable.h; sourceTree = "<group>"; };
		0976629E1AD357F70099DA54 /* updatable.h */ = {isa = PBXFileReference; fileEncoding = 4; lastKnownFileType = sourcecode.c.h; path = updatable.h; sourceTree = "<group>"; };
		0976629F1AD357F70099DA54 /* visitable.h */ = {isa = PBXFileReference; fileEncoding = 4; lastKnownFileType = sourcecode.c.h; path = visitable.h; sourceTree = "<group>"; };
		097662A01AD357F70099DA54 /* visitor.h */ = {isa = PBXFileReference; fileEncoding = 4; lastKnownFileType = sourcecode.c.h; lineEnding = 0; path = visitor.h; sourceTree = "<group>"; xcLanguageSpecificationIdentifier = xcode.lang.objcpp; };
		097662A21AD357F70099DA54 /* asyncnotifier.cpp */ = {isa = PBXFileReference; fileEncoding = 4; lastKnownFileType = sourcecode.cpp.cpp; path = asyncnotifier.cpp; sourceTree = "<group>"; };
		097662A31AD357F70099DA54 /* command.cpp */ = {isa = PBXFileReference; fileEncoding = 4; lastKnownFileType = sourcecode.cpp.cpp; lineEnding = 0; path = command.cpp; sourceTree = "<group>"; xcLanguageSpecificationIdentifier = xcode.lang.cpp; };
		097662A41AD357F70099DA54 /* history.manager.cpp */ = {isa = PBXFileReference; fileEncoding = 4; lastKnownFileType = sourcecode.cpp.cpp; path = history.manager.cpp; sourceTree = "<group>"; };
		097662A51AD357F70099DA54 /* persistable.cpp */ = {isa = PBXFileReference; fileEncoding = 4; lastKnownFileType = sourcecode.cpp.cpp; lineEnding = 0; path = persistable.cpp; sourceTree = "<group>"; xcLanguageSpecificationIdentifier = xcode.lang.cpp; };
		097662A61AD357F70099DA54 /* referentiable.cpp */ = {isa = PBXFileReference; fileEncoding = 4; lastKnownFileType = sourcecode.cpp.cpp; lineEnding = 0; path = referentiable.cpp; sourceTree = "<group>"; xcLanguageSpecificationIdentifier = xcode.lang.cpp; };
		097662A81AD357F70099DA54 /* undoable.cpp */ = {isa = PBXFileReference; fileEncoding = 4; lastKnownFileType = sourcecode.cpp.cpp; path = undoable.cpp; sourceTree = "<group>"; };
		097662A91AD357F70099DA54 /* updatable.cpp */ = {isa = PBXFileReference; fileEncoding = 4; lastKnownFileType = sourcecode.cpp.cpp; path = updatable.cpp; sourceTree = "<group>"; };
		097662AA1AD357F70099DA54 /* visitable.cpp */ = {isa = PBXFileReference; fileEncoding = 4; lastKnownFileType = sourcecode.cpp.cpp; path = visitable.cpp; sourceTree = "<group>"; };
		097835631D57B0B900E47ED3 /* unity.build.cpp */ = {isa = PBXFileReference; fileEncoding = 4; lastKnownFileType = sourcecode.cpp.cpp; path = unity.build.cpp; sourceTree = "<group>"; };
		09963F231DA9056700FBEDD1 /* globals.cpp */ = {isa = PBXFileReference; lastKnownFileType = sourcecode.cpp.cpp; path = globals.cpp; sourceTree = "<group>"; };
		09963F241DA9058E00FBEDD1 /* globals.h */ = {isa = PBXFileReference; lastKnownFileType = sourcecode.c.h; path = globals.h; sourceTree = "<group>"; };
		09B330B61BF56DCE00DE437C /* raii.hpp */ = {isa = PBXFileReference; fileEncoding = 4; lastKnownFileType = sourcecode.cpp.h; path = raii.hpp; sourceTree = "<group>"; };
		09C84A3A1C271D89002CF5B7 /* osx.debug.xcconfig */ = {isa = PBXFileReference; lastKnownFileType = text.xcconfig; path = osx.debug.xcconfig; sourceTree = "<group>"; };
		09C84A3B1C271D89002CF5B7 /* ios.debug.xcconfig */ = {isa = PBXFileReference; lastKnownFileType = text.xcconfig; path = ios.debug.xcconfig; sourceTree = "<group>"; };
		09C84A3C1C271D89002CF5B7 /* ios.release.xcconfig */ = {isa = PBXFileReference; lastKnownFileType = text.xcconfig; path = ios.release.xcconfig; sourceTree = "<group>"; };
		09C84A3D1C271D89002CF5B7 /* ios.xcconfig */ = {isa = PBXFileReference; lastKnownFileType = text.xcconfig; path = ios.xcconfig; sourceTree = "<group>"; };
		09C84A3E1C271D89002CF5B7 /* osx.release.xcconfig */ = {isa = PBXFileReference; lastKnownFileType = text.xcconfig; path = osx.release.xcconfig; sourceTree = "<group>"; };
		09C84A3F1C271D89002CF5B7 /* osx.xcconfig */ = {isa = PBXFileReference; lastKnownFileType = text.xcconfig; path = osx.xcconfig; sourceTree = "<group>"; };
		09C84A401C271D89002CF5B7 /* Project.Debug.xcconfig */ = {isa = PBXFileReference; lastKnownFileType = text.xcconfig; path = Project.Debug.xcconfig; sourceTree = "<group>"; };
		09C84A411C271D89002CF5B7 /* Project.Release.xcconfig */ = {isa = PBXFileReference; lastKnownFileType = text.xcconfig; path = Project.Release.xcconfig; sourceTree = "<group>"; };
		09C84A421C271D89002CF5B7 /* Project.Shared.xcconfig */ = {isa = PBXFileReference; lastKnownFileType = text.xcconfig; path = Project.Shared.xcconfig; sourceTree = "<group>"; };
		09D756BA1DA7934C004602DE /* fixture.h */ = {isa = PBXFileReference; lastKnownFileType = sourcecode.c.h; path = fixture.h; sourceTree = "<group>"; };
/* End PBXFileReference section */

/* Begin PBXFrameworksBuildPhase section */
		09429C931AD38207001513DA /* Frameworks */ = {
			isa = PBXFrameworksBuildPhase;
			buildActionMask = 2147483647;
			files = (
			);
			runOnlyForDeploymentPostprocessing = 0;
		};
		097662721AD355F20099DA54 /* Frameworks */ = {
			isa = PBXFrameworksBuildPhase;
			buildActionMask = 2147483647;
			files = (
			);
			runOnlyForDeploymentPostprocessing = 0;
		};
/* End PBXFrameworksBuildPhase section */

/* Begin PBXGroup section */
		0976626C1AD355F20099DA54 = {
			isa = PBXGroup;
			children = (
				09C84A391C271D89002CF5B7 /* xcode.config */,
				0976628F1AD357F70099DA54 /* include */,
				097662A11AD357F70099DA54 /* source */,
				097662761AD355F20099DA54 /* Products */,
			);
			sourceTree = "<group>";
		};
		097662761AD355F20099DA54 /* Products */ = {
			isa = PBXGroup;
			children = (
				097662751AD355F20099DA54 /* libmodel.osx.a */,
				09429C961AD38207001513DA /* libmodel.ios.a */,
			);
			name = Products;
			sourceTree = "<group>";
		};
		0976628F1AD357F70099DA54 /* include */ = {
			isa = PBXGroup;
			children = (
				097662901AD357F70099DA54 /* asyncnotifier.h */,
				097662911AD357F70099DA54 /* command.h */,
				0927A8181B3F2DCF00872BC9 /* command.hpp */,
				090578091BAE12BA00FA8E42 /* execution.h */,
				09D756BA1DA7934C004602DE /* fixture.h */,
				097662921AD357F70099DA54 /* history.manager.h */,
				0930C57F1CC8688F00AB958B /* managed.reflist.hpp */,
				0930C5801CC8688F00AB958B /* managed.reflist.hxx */,
				097662931AD357F70099DA54 /* model.allincludes.h */,
				09963F241DA9058E00FBEDD1 /* globals.h */,
				097662941AD357F70099DA54 /* observable.h */,
				097662951AD357F70099DA54 /* persistable.h */,
				09B330B61BF56DCE00DE437C /* raii.hpp */,
				0931815C1DA389F500DF8B3B /* ref_unique_ptr.h */,
				0973B4CE1B256101007EFBDD /* referentiable.cmd.list.h */,
				0973B4CD1B256100007EFBDD /* referentiable.cmd.list.hpp */,
				097662971AD357F70099DA54 /* referentiable.cmd.set.h */,
				097662981AD357F70099DA54 /* referentiable.cmd.set.hpp */,
				0927A81A1B3F987B00872BC9 /* referentiable.cmd.simpleset.h */,
				0927A81B1B3F987B00872BC9 /* referentiable.cmd.simpleset.hpp */,
				097662991AD357F70099DA54 /* referentiable.h */,
				0976629A1AD357F70099DA54 /* referentiable.manager.h */,
				0976629B1AD357F70099DA54 /* referentiable.manager.hpp */,
				09681A0E1B1AAAED00678885 /* referentiable.root.h */,
				095F43E51C3A2010005BE7DA /* referentiables.h */,
				0976629D1AD357F70099DA54 /* undoable.h */,
				090578071BAE00E800FA8E42 /* undoable.hpp */,
				0976629E1AD357F70099DA54 /* updatable.h */,
				0976629F1AD357F70099DA54 /* visitable.h */,
				097662A01AD357F70099DA54 /* visitor.h */,
			);
			path = include;
			sourceTree = "<group>";
		};
		097662A11AD357F70099DA54 /* source */ = {
			isa = PBXGroup;
			children = (
				097662A21AD357F70099DA54 /* asyncnotifier.cpp */,
				097662A31AD357F70099DA54 /* command.cpp */,
				097662A41AD357F70099DA54 /* history.manager.cpp */,
				09963F231DA9056700FBEDD1 /* globals.cpp */,
				097662A51AD357F70099DA54 /* persistable.cpp */,
				097662A61AD357F70099DA54 /* referentiable.cpp */,
				09681A0B1B1AAACE00678885 /* referentiable.root.cpp */,
				095F43E71C3A20F9005BE7DA /* referentiables.cpp */,
				097662A81AD357F70099DA54 /* undoable.cpp */,
				097835631D57B0B900E47ED3 /* unity.build.cpp */,
				097662A91AD357F70099DA54 /* updatable.cpp */,
				097662AA1AD357F70099DA54 /* visitable.cpp */,
			);
			path = source;
			sourceTree = "<group>";
		};
		09C84A391C271D89002CF5B7 /* xcode.config */ = {
			isa = PBXGroup;
			children = (
				09C84A3B1C271D89002CF5B7 /* ios.debug.xcconfig */,
				09C84A3C1C271D89002CF5B7 /* ios.release.xcconfig */,
				09C84A3D1C271D89002CF5B7 /* ios.xcconfig */,
				09C84A3A1C271D89002CF5B7 /* osx.debug.xcconfig */,
				09C84A3E1C271D89002CF5B7 /* osx.release.xcconfig */,
				09C84A3F1C271D89002CF5B7 /* osx.xcconfig */,
				09C84A401C271D89002CF5B7 /* Project.Debug.xcconfig */,
				09C84A411C271D89002CF5B7 /* Project.Release.xcconfig */,
				09C84A421C271D89002CF5B7 /* Project.Shared.xcconfig */,
			);
			path = xcode.config;
			sourceTree = "<group>";
		};
/* End PBXGroup section */

/* Begin PBXHeadersBuildPhase section */
		097662731AD355F20099DA54 /* Headers */ = {
			isa = PBXHeadersBuildPhase;
			buildActionMask = 2147483647;
			files = (
				097662B31AD357F70099DA54 /* observable.h in Headers */,
				0930C5811CC8688F00AB958B /* managed.reflist.hpp in Headers */,
				0931815D1DA389F500DF8B3B /* ref_unique_ptr.h in Headers */,
				097662B21AD357F70099DA54 /* model.allincludes.h in Headers */,
				097662B11AD357F70099DA54 /* history.manager.h in Headers */,
				097662B61AD357F70099DA54 /* referentiable.cmd.set.h in Headers */,
				0927A81C1B3F987B00872BC9 /* referentiable.cmd.simpleset.h in Headers */,
				0905780A1BAE12BA00FA8E42 /* execution.h in Headers */,
				09B330B71BF56DCE00DE437C /* raii.hpp in Headers */,
				0930C5821CC8688F00AB958B /* managed.reflist.hxx in Headers */,
				097662BE1AD357F70099DA54 /* visitable.h in Headers */,
				097662B91AD357F70099DA54 /* referentiable.manager.h in Headers */,
				097662BD1AD357F70099DA54 /* updatable.h in Headers */,
				097662B41AD357F70099DA54 /* persistable.h in Headers */,
				097662BF1AD357F70099DA54 /* visitor.h in Headers */,
				0927A81D1B3F987B00872BC9 /* referentiable.cmd.simpleset.hpp in Headers */,
				090578081BAE00E800FA8E42 /* undoable.hpp in Headers */,
				0973B4D01B256101007EFBDD /* referentiable.cmd.list.h in Headers */,
				097662B01AD357F70099DA54 /* command.h in Headers */,
				0927A8191B3F2DCF00872BC9 /* command.hpp in Headers */,
				0973B4CF1B256101007EFBDD /* referentiable.cmd.list.hpp in Headers */,
				097662BA1AD357F70099DA54 /* referentiable.manager.hpp in Headers */,
				097662AF1AD357F70099DA54 /* asyncnotifier.h in Headers */,
				097662B71AD357F70099DA54 /* referentiable.cmd.set.hpp in Headers */,
				09681A0F1B1AAAED00678885 /* referentiable.root.h in Headers */,
				097662BC1AD357F70099DA54 /* undoable.h in Headers */,
				095F43E61C3A2010005BE7DA /* referentiables.h in Headers */,
				097662B81AD357F70099DA54 /* referentiable.h in Headers */,
			);
			runOnlyForDeploymentPostprocessing = 0;
		};
/* End PBXHeadersBuildPhase section */

/* Begin PBXNativeTarget section */
		09429C951AD38207001513DA /* model.ios */ = {
			isa = PBXNativeTarget;
			buildConfigurationList = 09429CAB1AD38207001513DA /* Build configuration list for PBXNativeTarget "model.ios" */;
			buildPhases = (
				09429C921AD38207001513DA /* Sources */,
				09429C931AD38207001513DA /* Frameworks */,
				09429C941AD38207001513DA /* CopyFiles */,
			);
			buildRules = (
			);
			dependencies = (
			);
			name = model.ios;
			productName = model.ios;
			productReference = 09429C961AD38207001513DA /* libmodel.ios.a */;
			productType = "com.apple.product-type.library.static";
		};
		097662741AD355F20099DA54 /* model.osx */ = {
			isa = PBXNativeTarget;
			buildConfigurationList = 097662791AD355F20099DA54 /* Build configuration list for PBXNativeTarget "model.osx" */;
			buildPhases = (
				097662711AD355F20099DA54 /* Sources */,
				097662721AD355F20099DA54 /* Frameworks */,
				097662731AD355F20099DA54 /* Headers */,
			);
			buildRules = (
			);
			dependencies = (
			);
			name = model.osx;
			productName = model;
			productReference = 097662751AD355F20099DA54 /* libmodel.osx.a */;
			productType = "com.apple.product-type.library.static";
		};
/* End PBXNativeTarget section */

/* Begin PBXProject section */
		0976626D1AD355F20099DA54 /* Project object */ = {
			isa = PBXProject;
			attributes = {
				LastUpgradeCheck = 0630;
				ORGANIZATIONNAME = Olivier;
				TargetAttributes = {
					09429C951AD38207001513DA = {
						CreatedOnToolsVersion = 6.2;
					};
					097662741AD355F20099DA54 = {
						CreatedOnToolsVersion = 6.2;
					};
				};
			};
			buildConfigurationList = 097662701AD355F20099DA54 /* Build configuration list for PBXProject "model" */;
			compatibilityVersion = "Xcode 3.2";
			developmentRegion = English;
			hasScannedForEncodings = 0;
			knownRegions = (
				en,
			);
			mainGroup = 0976626C1AD355F20099DA54;
			productRefGroup = 097662761AD355F20099DA54 /* Products */;
			projectDirPath = "";
			projectRoot = "";
			targets = (
				097662741AD355F20099DA54 /* model.osx */,
				09429C951AD38207001513DA /* model.ios */,
			);
		};
/* End PBXProject section */

/* Begin PBXSourcesBuildPhase section */
		09429C921AD38207001513DA /* Sources */ = {
			isa = PBXSourcesBuildPhase;
			buildActionMask = 2147483647;
			files = (
				097835651D57B0B900E47ED3 /* unity.build.cpp in Sources */,
			);
			runOnlyForDeploymentPostprocessing = 0;
		};
		097662711AD355F20099DA54 /* Sources */ = {
			isa = PBXSourcesBuildPhase;
			buildActionMask = 2147483647;
			files = (
				097835641D57B0B900E47ED3 /* unity.build.cpp in Sources */,
			);
			runOnlyForDeploymentPostprocessing = 0;
		};
/* End PBXSourcesBuildPhase section */

/* Begin XCBuildConfiguration section */
		09429CA71AD38207001513DA /* Debug */ = {
			isa = XCBuildConfiguration;
			baseConfigurationReference = 09C84A3B1C271D89002CF5B7 /* ios.debug.xcconfig */;
			buildSettings = {
			};
			name = Debug;
		};
		09429CA81AD38207001513DA /* Release */ = {
			isa = XCBuildConfiguration;
			baseConfigurationReference = 09C84A3C1C271D89002CF5B7 /* ios.release.xcconfig */;
			buildSettings = {
			};
			name = Release;
		};
		097662771AD355F20099DA54 /* Debug */ = {
			isa = XCBuildConfiguration;
			baseConfigurationReference = 09C84A401C271D89002CF5B7 /* Project.Debug.xcconfig */;
			buildSettings = {
			};
			name = Debug;
		};
		097662781AD355F20099DA54 /* Release */ = {
			isa = XCBuildConfiguration;
			baseConfigurationReference = 09C84A411C271D89002CF5B7 /* Project.Release.xcconfig */;
			buildSettings = {
			};
			name = Release;
		};
		0976627A1AD355F20099DA54 /* Debug */ = {
			isa = XCBuildConfiguration;
			baseConfigurationReference = 09C84A3A1C271D89002CF5B7 /* osx.debug.xcconfig */;
			buildSettings = {
			};
			name = Debug;
		};
		0976627B1AD355F20099DA54 /* Release */ = {
			isa = XCBuildConfiguration;
			baseConfigurationReference = 09C84A3E1C271D89002CF5B7 /* osx.release.xcconfig */;
			buildSettings = {
			};
			name = Release;
		};
/* End XCBuildConfiguration section */

/* Begin XCConfigurationList section */
		09429CAB1AD38207001513DA /* Build configuration list for PBXNativeTarget "model.ios" */ = {
			isa = XCConfigurationList;
			buildConfigurations = (
				09429CA71AD38207001513DA /* Debug */,
				09429CA81AD38207001513DA /* Release */,
			);
			defaultConfigurationIsVisible = 0;
			defaultConfigurationName = Release;
		};
		097662701AD355F20099DA54 /* Build configuration list for PBXProject "model" */ = {
			isa = XCConfigurationList;
			buildConfigurations = (
				097662771AD355F20099DA54 /* Debug */,
				097662781AD355F20099DA54 /* Release */,
			);
			defaultConfigurationIsVisible = 0;
			defaultConfigurationName = Release;
		};
		097662791AD355F20099DA54 /* Build configuration list for PBXNativeTarget "model.osx" */ = {
			isa = XCConfigurationList;
			buildConfigurations = (
				0976627A1AD355F20099DA54 /* Debug */,
				0976627B1AD355F20099DA54 /* Release */,
			);
			defaultConfigurationIsVisible = 0;
			defaultConfigurationName = Release;
		};
/* End XCConfigurationList section */
	};
	rootObject = 0976626D1AD355F20099DA54 /* Project object */;
}
